{
  "nodes": {
    "devenv": {
      "locked": {
        "dir": "src/modules",
        "lastModified": 1773852093,
        "narHash": "sha256-oLwpHqWk385e5hmiXSGsqSn8K+wGrBH/OOb9bkQ2bnA=",
        "owner": "cachix",
        "repo": "devenv",
        "rev": "e16a58465c5e2ef8d5467c0cf5a88702b886ecb8",
        "type": "github"
      },
      "original": {
        "dir": "src/modules",
        "owner": "cachix",
        "repo": "devenv",
        "type": "github"
      }
    },
    "devenv-module-devcontainer": {
      "flake": false,
      "locked": {
        "lastModified": 1773861885,
        "narHash": "sha256-7T/oxRE7IlMQcsK+5sJY5yduND0t/cAINU0fxUMKapM=",
        "owner": "datakurre",
        "repo": "devenv-module-devcontainer",
        "rev": "1cda071630611628700074d52ee0020c1725fb06",
        "type": "github"
      },
      "original": {
        "owner": "datakurre",
        "repo": "devenv-module-devcontainer",
        "type": "github"
      }
    },
    "devenv-module-devcontainer-nixpkgs": {
      "locked": {
        "lastModified": 1773860527,
        "narHash": "sha256-RZBPkIxeRvc+A5NHYLZRl4Iva3QzoSwKI+fWK8RMF+k=",
        "owner": "nixos",
        "repo": "nixpkgs",
        "rev": "527e2c26130aed7f90fc3869ab58a024202c75a9",
        "type": "github"
      },
      "original": {
        "owner": "nixos",
        "repo": "nixpkgs",
        "type": "github"
      }
    },
    "nixpkgs": {
      "locked": {
        "lastModified": 1773860527,
        "narHash": "sha256-RZBPkIxeRvc+A5NHYLZRl4Iva3QzoSwKI+fWK8RMF+k=",
        "owner": "nixos",
        "repo": "nixpkgs",
        "rev": "527e2c26130aed7f90fc3869ab58a024202c75a9",
        "type": "github"
      },
      "original": {
        "owner": "nixos",
        "repo": "nixpkgs",
        "type": "github"
      }
    },
    "root": {
      "inputs": {
        "devenv": "devenv",
        "devenv-module-devcontainer": "devenv-module-devcontainer",
        "devenv-module-devcontainer-nixpkgs": "devenv-module-devcontainer-nixpkgs",
        "nixpkgs": "nixpkgs"
      }
    }
  },
  "root": "root",
  "version": 7
}